
Microsoft Visual Studio Solution File, Format Version 12.00
# Visual Studio Version 17
VisualStudioVersion = 17.11.35327.3
MinimumVisualStudioVersion = 10.0.40219.1
Project("{FAE04EC0-301F-11D3-BF4B-00C04F79EFBC}") = "TrafficSystem", "TrafficSystem\TrafficSystem.csproj", "{C2A64884-489A-4437-A138-896816E66F46}"
EndProject
Project("{FAE04EC0-301F-11D3-BF4B-00C04F79EFBC}") = "TrafficSystem.Tests", "TrafficSystem.Tests\TrafficSystem.Tests.csproj", "{05F7A5DC-41A4-4B91-BF79-C884449ED68F}"
EndProject
Global
	GlobalSection(SolutionConfigurationPlatforms) = preSolution
		Debug|Any CPU = Debug|Any CPU
		Release|Any CPU = Release|Any CPU
	EndGlobalSection
	GlobalSection(ProjectConfigurationPlatforms) = postSolution
		{C2A64884-489A-4437-A138-896816E66F46}.Debug|Any CPU.ActiveCfg = Debug|Any CPU
		{C2A64884-489A-4437-A138-896816E66F46}.Debug|Any CPU.Build.0 = Debug|Any CPU
		{C2A64884-489A-4437-A138-896816E66F46}.Release|Any CPU.ActiveCfg = Release|Any CPU
		{C2A64884-489A-4437-A138-896816E66F46}.Release|Any CPU.Build.0 = Release|Any CPU
		{05F7A5DC-41A4-4B91-BF79-C884449ED68F}.Debug|Any CPU.ActiveCfg = Debug|Any CPU
		{05F7A5DC-41A4-4B91-BF79-C884449ED68F}.Debug|Any CPU.Build.0 = Debug|Any CPU
		{05F7A5DC-41A4-4B91-BF79-C884449ED68F}.Release|Any CPU.ActiveCfg = Release|Any CPU
		{05F7A5DC-41A4-4B91-BF79-C884449ED68F}.Release|Any CPU.Build.0 = Release|Any CPU
	EndGlobalSection
	GlobalSection(SolutionProperties) = preSolution
		HideSolutionNode = FALSE
	EndGlobalSection
	GlobalSection(ExtensibilityGlobals) = postSolution
		SolutionGuid = {9E9C8E1C-D909-403E-92B9-A8120474D2D4}
	EndGlobalSection
EndGlobal
